
Microsoft Visual Studio Solution File, Format Version 12.00
# Visual Studio Version 17
VisualStudioVersion = 17.9.34728.123
MinimumVisualStudioVersion = 10.0.40219.1
Project("{9A19103F-16F7-4668-BE54-9A1E7A4F7556}") = "POS.WebApi", "POS.WebApi\POS.WebApi.csproj", "{8A30EFD7-B4D9-4EB0-896D-7DEB6D9F1478}"
EndProject
Project("{2150E333-8FDC-42A3-9474-1A3956D46DE8}") = "src", "src", "{97A1EDA3-8C8B-4C4D-A27B-921D57C2FE8E}"
EndProject
Project("{2150E333-8FDC-42A3-9474-1A3956D46DE8}") = "1.Api", "1.Api", "{C0ED89AC-0A1C-4B1B-B4B9-D4B48AABCA2B}"
EndProject
Project("{2150E333-8FDC-42A3-9474-1A3956D46DE8}") = "2.Core", "2.Core", "{3E774EFA-D9F4-40A0-BAB5-159D26A8D1E4}"
EndProject
Project("{9A19103F-16F7-4668-BE54-9A1E7A4F7556}") = "POS.Application", "POS.Application\POS.Application.csproj", "{F39E46D2-8808-4B72-9E2F-B7E863A5647F}"
EndProject
Project("{9A19103F-16F7-4668-BE54-9A1E7A4F7556}") = "POS.Domain", "POS.Domain\POS.Domain.csproj", "{31BAAF61-D6A4-4BF3-8740-CF6A91524822}"
EndProject
Project("{2150E333-8FDC-42A3-9474-1A3956D46DE8}") = "3.Infrastructure", "3.Infrastructure", "{31C6C6C5-5BA7-4AA6-A27A-2F08988078F0}"
EndProject
Project("{9A19103F-16F7-4668-BE54-9A1E7A4F7556}") = "POS.Infrastructure", "POS.Infrastructure\POS.Infrastructure.csproj", "{0112D483-BB01-4CFE-B092-FC9010B3DBC5}"
EndProject
Project("{FAE04EC0-301F-11D3-BF4B-00C04F79EFBC}") = "POS.Security", "POS.Security\POS.Security.csproj", "{712F759D-A5A5-4798-97CC-8A543C15FDFF}"
EndProject
Global
	GlobalSection(SolutionConfigurationPlatforms) = preSolution
		Debug|Any CPU = Debug|Any CPU
		Release|Any CPU = Release|Any CPU
	EndGlobalSection
	GlobalSection(ProjectConfigurationPlatforms) = postSolution
		{8A30EFD7-B4D9-4EB0-896D-7DEB6D9F1478}.Debug|Any CPU.ActiveCfg = Debug|Any CPU
		{8A30EFD7-B4D9-4EB0-896D-7DEB6D9F1478}.Debug|Any CPU.Build.0 = Debug|Any CPU
		{8A30EFD7-B4D9-4EB0-896D-7DEB6D9F1478}.Release|Any CPU.ActiveCfg = Release|Any CPU
		{8A30EFD7-B4D9-4EB0-896D-7DEB6D9F1478}.Release|Any CPU.Build.0 = Release|Any CPU
		{F39E46D2-8808-4B72-9E2F-B7E863A5647F}.Debug|Any CPU.ActiveCfg = Debug|Any CPU
		{F39E46D2-8808-4B72-9E2F-B7E863A5647F}.Debug|Any CPU.Build.0 = Debug|Any CPU
		{F39E46D2-8808-4B72-9E2F-B7E863A5647F}.Release|Any CPU.ActiveCfg = Release|Any CPU
		{F39E46D2-8808-4B72-9E2F-B7E863A5647F}.Release|Any CPU.Build.0 = Release|Any CPU
		{31BAAF61-D6A4-4BF3-8740-CF6A91524822}.Debug|Any CPU.ActiveCfg = Debug|Any CPU
		{31BAAF61-D6A4-4BF3-8740-CF6A91524822}.Debug|Any CPU.Build.0 = Debug|Any CPU
		{31BAAF61-D6A4-4BF3-8740-CF6A91524822}.Release|Any CPU.ActiveCfg = Release|Any CPU
		{31BAAF61-D6A4-4BF3-8740-CF6A91524822}.Release|Any CPU.Build.0 = Release|Any CPU
		{0112D483-BB01-4CFE-B092-FC9010B3DBC5}.Debug|Any CPU.ActiveCfg = Debug|Any CPU
		{0112D483-BB01-4CFE-B092-FC9010B3DBC5}.Debug|Any CPU.Build.0 = Debug|Any CPU
		{0112D483-BB01-4CFE-B092-FC9010B3DBC5}.Release|Any CPU.ActiveCfg = Release|Any CPU
		{0112D483-BB01-4CFE-B092-FC9010B3DBC5}.Release|Any CPU.Build.0 = Release|Any CPU
		{712F759D-A5A5-4798-97CC-8A543C15FDFF}.Debug|Any CPU.ActiveCfg = Debug|Any CPU
		{712F759D-A5A5-4798-97CC-8A543C15FDFF}.Debug|Any CPU.Build.0 = Debug|Any CPU
		{712F759D-A5A5-4798-97CC-8A543C15FDFF}.Release|Any CPU.ActiveCfg = Release|Any CPU
		{712F759D-A5A5-4798-97CC-8A543C15FDFF}.Release|Any CPU.Build.0 = Release|Any CPU
	EndGlobalSection
	GlobalSection(SolutionProperties) = preSolution
		HideSolutionNode = FALSE
	EndGlobalSection
	GlobalSection(NestedProjects) = preSolution
		{8A30EFD7-B4D9-4EB0-896D-7DEB6D9F1478} = {C0ED89AC-0A1C-4B1B-B4B9-D4B48AABCA2B}
		{C0ED89AC-0A1C-4B1B-B4B9-D4B48AABCA2B} = {97A1EDA3-8C8B-4C4D-A27B-921D57C2FE8E}
		{3E774EFA-D9F4-40A0-BAB5-159D26A8D1E4} = {97A1EDA3-8C8B-4C4D-A27B-921D57C2FE8E}
		{F39E46D2-8808-4B72-9E2F-B7E863A5647F} = {3E774EFA-D9F4-40A0-BAB5-159D26A8D1E4}
		{31BAAF61-D6A4-4BF3-8740-CF6A91524822} = {3E774EFA-D9F4-40A0-BAB5-159D26A8D1E4}
		{31C6C6C5-5BA7-4AA6-A27A-2F08988078F0} = {97A1EDA3-8C8B-4C4D-A27B-921D57C2FE8E}
		{0112D483-BB01-4CFE-B092-FC9010B3DBC5} = {31C6C6C5-5BA7-4AA6-A27A-2F08988078F0}
		{712F759D-A5A5-4798-97CC-8A543C15FDFF} = {31C6C6C5-5BA7-4AA6-A27A-2F08988078F0}
	EndGlobalSection
	GlobalSection(ExtensibilityGlobals) = postSolution
		SolutionGuid = {5800FB99-E73E-462B-831C-3DB61E54A4D0}
	EndGlobalSection
EndGlobal
